
Microsoft Visual Studio Solution File, Format Version 12.00
# Visual Studio 2013
VisualStudioVersion = 12.0.21005.1
MinimumVisualStudioVersion = 10.0.40219.1
Project("{FAE04EC0-301F-11D3-BF4B-00C04F79EFBC}") = "DB", "OpenOffice\DB.csproj", "{B7CE7948-83D0-461B-888C-85C90A44EF7F}"
EndProject
Project("{FAE04EC0-301F-11D3-BF4B-00C04F79EFBC}") = "OpenOfficeLib", "OpenOfficeLib\OpenOfficeLib.csproj", "{C2C0047A-EA9F-40F3-AC47-F71ABC447A61}"
EndProject
Project("{FAE04EC0-301F-11D3-BF4B-00C04F79EFBC}") = "TestForm", "TestForm\TestForm.csproj", "{6B3C4932-F23A-43E8-B4B5-875D17536B80}"
EndProject
Global
	GlobalSection(SolutionConfigurationPlatforms) = preSolution
		Debug|Any CPU = Debug|Any CPU
		Release|Any CPU = Release|Any CPU
	EndGlobalSection
	GlobalSection(ProjectConfigurationPlatforms) = postSolution
		{B7CE7948-83D0-461B-888C-85C90A44EF7F}.Debug|Any CPU.ActiveCfg = Debug|Any CPU
		{B7CE7948-83D0-461B-888C-85C90A44EF7F}.Debug|Any CPU.Build.0 = Debug|Any CPU
		{B7CE7948-83D0-461B-888C-85C90A44EF7F}.Release|Any CPU.ActiveCfg = Release|Any CPU
		{B7CE7948-83D0-461B-888C-85C90A44EF7F}.Release|Any CPU.Build.0 = Release|Any CPU
		{C2C0047A-EA9F-40F3-AC47-F71ABC447A61}.Debug|Any CPU.ActiveCfg = Debug|Any CPU
		{C2C0047A-EA9F-40F3-AC47-F71ABC447A61}.Debug|Any CPU.Build.0 = Debug|Any CPU
		{C2C0047A-EA9F-40F3-AC47-F71ABC447A61}.Release|Any CPU.ActiveCfg = Release|Any CPU
		{C2C0047A-EA9F-40F3-AC47-F71ABC447A61}.Release|Any CPU.Build.0 = Release|Any CPU
		{6B3C4932-F23A-43E8-B4B5-875D17536B80}.Debug|Any CPU.ActiveCfg = Debug|Any CPU
		{6B3C4932-F23A-43E8-B4B5-875D17536B80}.Debug|Any CPU.Build.0 = Debug|Any CPU
		{6B3C4932-F23A-43E8-B4B5-875D17536B80}.Release|Any CPU.ActiveCfg = Release|Any CPU
		{6B3C4932-F23A-43E8-B4B5-875D17536B80}.Release|Any CPU.Build.0 = Release|Any CPU
	EndGlobalSection
	GlobalSection(SolutionProperties) = preSolution
		HideSolutionNode = FALSE
	EndGlobalSection
EndGlobal
